
Microsoft Visual Studio Solution File, Format Version 12.00
# Visual Studio Version 16
VisualStudioVersion = 16.0.32602.291
MinimumVisualStudioVersion = 10.0.40219.1
Project("{FAE04EC0-301F-11D3-BF4B-00C04F79EFBC}") = "Budgette", "Budgette.csproj", "{9FFE34B7-CE75-4998-B23A-65230226C122}"
EndProject
Global
	GlobalSection(SolutionConfigurationPlatforms) = preSolution
		Debug|Any CPU = Debug|Any CPU
		Release|Any CPU = Release|Any CPU
	EndGlobalSection
	GlobalSection(ProjectConfigurationPlatforms) = postSolution
		{9FFE34B7-CE75-4998-B23A-65230226C122}.Debug|Any CPU.ActiveCfg = Debug|Any CPU
		{9FFE34B7-CE75-4998-B23A-65230226C122}.Debug|Any CPU.Build.0 = Debug|Any CPU
		{9FFE34B7-CE75-4998-B23A-65230226C122}.Release|Any CPU.ActiveCfg = Release|Any CPU
		{9FFE34B7-CE75-4998-B23A-65230226C122}.Release|Any CPU.Build.0 = Release|Any CPU
	EndGlobalSection
	GlobalSection(SolutionProperties) = preSolution
		HideSolutionNode = FALSE
	EndGlobalSection
	GlobalSection(ExtensibilityGlobals) = postSolution
		SolutionGuid = {D44C67A9-1618-47C3-8E1A-9BB8355F6CC3}
	EndGlobalSection
EndGlobal
